
Microsoft Visual Studio Solution File, Format Version 12.00
# Visual Studio Version 17
VisualStudioVersion = 17.2.32519.379
MinimumVisualStudioVersion = 10.0.40219.1
Project("{9A19103F-16F7-4668-BE54-9A1E7A4F7556}") = "ClusterManager", "ClusterManager\ClusterManager.csproj", "{831F7B28-831F-43A4-B077-DA40EB0687D8}"
EndProject
Project("{FAE04EC0-301F-11D3-BF4B-00C04F79EFBC}") = "CSClusterService", "CSClusterService\CSClusterService.csproj", "{82230CDD-A502-44BA-964B-7CC88BD7DD77}"
EndProject
Project("{FAE04EC0-301F-11D3-BF4B-00C04F79EFBC}") = "CSClusterManagementService", "CSClusterManagementService\CSClusterManagementService.csproj", "{D2752246-E716-4792-A22F-A4C13764AA74}"
EndProject
Project("{FAE04EC0-301F-11D3-BF4B-00C04F79EFBC}") = "Storage", "Storage\Storage.csproj", "{C6919C88-9FFE-4749-8855-DE9A8FD52F10}"
EndProject
Project("{2150E333-8FDC-42A3-9474-1A3956D46DE8}") = "Test", "Test", "{93F5189F-D3D7-428C-BC8F-108EA5BC061B}"
EndProject
Project("{FAE04EC0-301F-11D3-BF4B-00C04F79EFBC}") = "ClusterContract", "ClusterContract\ClusterContract.csproj", "{B7F5E3E3-E40E-4E83-A018-B82609FDB43C}"
EndProject
Project("{FAE04EC0-301F-11D3-BF4B-00C04F79EFBC}") = "Cluster", "Cluster\Cluster.csproj", "{FF2BBA3B-254F-4E40-9BB2-50D653869CAE}"
EndProject
Project("{FAE04EC0-301F-11D3-BF4B-00C04F79EFBC}") = "CSMessageService", "CSMessageService\CSMessageService.csproj", "{09D604BB-4D2E-4581-A4D0-637F0978B723}"
EndProject
Project("{FAE04EC0-301F-11D3-BF4B-00C04F79EFBC}") = "MessageContract", "MessageContract\MessageContract.csproj", "{F07085DC-EDA0-4AC1-AEBD-3F71B5ADC05B}"
EndProject
Project("{FAE04EC0-301F-11D3-BF4B-00C04F79EFBC}") = "Message", "Message\Message.csproj", "{9B27435A-0F5D-431E-9148-C1EB1F7DD7D7}"
EndProject
Global
	GlobalSection(SolutionConfigurationPlatforms) = preSolution
		Debug|Any CPU = Debug|Any CPU
		Release|Any CPU = Release|Any CPU
	EndGlobalSection
	GlobalSection(ProjectConfigurationPlatforms) = postSolution
		{831F7B28-831F-43A4-B077-DA40EB0687D8}.Debug|Any CPU.ActiveCfg = Debug|Any CPU
		{831F7B28-831F-43A4-B077-DA40EB0687D8}.Debug|Any CPU.Build.0 = Debug|Any CPU
		{831F7B28-831F-43A4-B077-DA40EB0687D8}.Release|Any CPU.ActiveCfg = Release|Any CPU
		{831F7B28-831F-43A4-B077-DA40EB0687D8}.Release|Any CPU.Build.0 = Release|Any CPU
		{82230CDD-A502-44BA-964B-7CC88BD7DD77}.Debug|Any CPU.ActiveCfg = Debug|Any CPU
		{82230CDD-A502-44BA-964B-7CC88BD7DD77}.Debug|Any CPU.Build.0 = Debug|Any CPU
		{82230CDD-A502-44BA-964B-7CC88BD7DD77}.Release|Any CPU.ActiveCfg = Release|Any CPU
		{82230CDD-A502-44BA-964B-7CC88BD7DD77}.Release|Any CPU.Build.0 = Release|Any CPU
		{D2752246-E716-4792-A22F-A4C13764AA74}.Debug|Any CPU.ActiveCfg = Debug|Any CPU
		{D2752246-E716-4792-A22F-A4C13764AA74}.Debug|Any CPU.Build.0 = Debug|Any CPU
		{D2752246-E716-4792-A22F-A4C13764AA74}.Release|Any CPU.ActiveCfg = Release|Any CPU
		{D2752246-E716-4792-A22F-A4C13764AA74}.Release|Any CPU.Build.0 = Release|Any CPU
		{C6919C88-9FFE-4749-8855-DE9A8FD52F10}.Debug|Any CPU.ActiveCfg = Debug|Any CPU
		{C6919C88-9FFE-4749-8855-DE9A8FD52F10}.Debug|Any CPU.Build.0 = Debug|Any CPU
		{C6919C88-9FFE-4749-8855-DE9A8FD52F10}.Release|Any CPU.ActiveCfg = Release|Any CPU
		{C6919C88-9FFE-4749-8855-DE9A8FD52F10}.Release|Any CPU.Build.0 = Release|Any CPU
		{B7F5E3E3-E40E-4E83-A018-B82609FDB43C}.Debug|Any CPU.ActiveCfg = Debug|Any CPU
		{B7F5E3E3-E40E-4E83-A018-B82609FDB43C}.Debug|Any CPU.Build.0 = Debug|Any CPU
		{B7F5E3E3-E40E-4E83-A018-B82609FDB43C}.Release|Any CPU.ActiveCfg = Release|Any CPU
		{B7F5E3E3-E40E-4E83-A018-B82609FDB43C}.Release|Any CPU.Build.0 = Release|Any CPU
		{FF2BBA3B-254F-4E40-9BB2-50D653869CAE}.Debug|Any CPU.ActiveCfg = Debug|Any CPU
		{FF2BBA3B-254F-4E40-9BB2-50D653869CAE}.Debug|Any CPU.Build.0 = Debug|Any CPU
		{FF2BBA3B-254F-4E40-9BB2-50D653869CAE}.Release|Any CPU.ActiveCfg = Release|Any CPU
		{FF2BBA3B-254F-4E40-9BB2-50D653869CAE}.Release|Any CPU.Build.0 = Release|Any CPU
		{09D604BB-4D2E-4581-A4D0-637F0978B723}.Debug|Any CPU.ActiveCfg = Debug|Any CPU
		{09D604BB-4D2E-4581-A4D0-637F0978B723}.Debug|Any CPU.Build.0 = Debug|Any CPU
		{09D604BB-4D2E-4581-A4D0-637F0978B723}.Release|Any CPU.ActiveCfg = Release|Any CPU
		{09D604BB-4D2E-4581-A4D0-637F0978B723}.Release|Any CPU.Build.0 = Release|Any CPU
		{F07085DC-EDA0-4AC1-AEBD-3F71B5ADC05B}.Debug|Any CPU.ActiveCfg = Debug|Any CPU
		{F07085DC-EDA0-4AC1-AEBD-3F71B5ADC05B}.Debug|Any CPU.Build.0 = Debug|Any CPU
		{F07085DC-EDA0-4AC1-AEBD-3F71B5ADC05B}.Release|Any CPU.ActiveCfg = Release|Any CPU
		{F07085DC-EDA0-4AC1-AEBD-3F71B5ADC05B}.Release|Any CPU.Build.0 = Release|Any CPU
		{9B27435A-0F5D-431E-9148-C1EB1F7DD7D7}.Debug|Any CPU.ActiveCfg = Debug|Any CPU
		{9B27435A-0F5D-431E-9148-C1EB1F7DD7D7}.Debug|Any CPU.Build.0 = Debug|Any CPU
		{9B27435A-0F5D-431E-9148-C1EB1F7DD7D7}.Release|Any CPU.ActiveCfg = Release|Any CPU
		{9B27435A-0F5D-431E-9148-C1EB1F7DD7D7}.Release|Any CPU.Build.0 = Release|Any CPU
	EndGlobalSection
	GlobalSection(SolutionProperties) = preSolution
		HideSolutionNode = FALSE
	EndGlobalSection
	GlobalSection(ExtensibilityGlobals) = postSolution
		SolutionGuid = {D1E71B53-8F8D-4F97-9457-38CEEC8D461E}
	EndGlobalSection
EndGlobal
